
Microsoft Visual Studio Solution File, Format Version 12.00
# Visual Studio 14
VisualStudioVersion = 14.0.24720.0
MinimumVisualStudioVersion = 10.0.40219.1
Project("{FAE04EC0-301F-11D3-BF4B-00C04F79EFBC}") = "Coolkit.Converters", "Coolkit.Converters\Coolkit.Converters.csproj", "{C0EB3007-D956-4CF9-9945-4E95F0547225}"
EndProject
Project("{FAE04EC0-301F-11D3-BF4B-00C04F79EFBC}") = "Coolkit.Converters.UnitTests", "Coolkit.Converters.UnitTests\Coolkit.Converters.UnitTests.csproj", "{F64B3327-EF63-4C83-83EF-1FD7D900AB80}"
EndProject
Global
	GlobalSection(SolutionConfigurationPlatforms) = preSolution
		Debug|Any CPU = Debug|Any CPU
		Release|Any CPU = Release|Any CPU
	EndGlobalSection
	GlobalSection(ProjectConfigurationPlatforms) = postSolution
		{C0EB3007-D956-4CF9-9945-4E95F0547225}.Debug|Any CPU.ActiveCfg = Debug|Any CPU
		{C0EB3007-D956-4CF9-9945-4E95F0547225}.Debug|Any CPU.Build.0 = Debug|Any CPU
		{C0EB3007-D956-4CF9-9945-4E95F0547225}.Release|Any CPU.ActiveCfg = Release|Any CPU
		{C0EB3007-D956-4CF9-9945-4E95F0547225}.Release|Any CPU.Build.0 = Release|Any CPU
		{F64B3327-EF63-4C83-83EF-1FD7D900AB80}.Debug|Any CPU.ActiveCfg = Debug|Any CPU
		{F64B3327-EF63-4C83-83EF-1FD7D900AB80}.Debug|Any CPU.Build.0 = Debug|Any CPU
		{F64B3327-EF63-4C83-83EF-1FD7D900AB80}.Release|Any CPU.ActiveCfg = Release|Any CPU
		{F64B3327-EF63-4C83-83EF-1FD7D900AB80}.Release|Any CPU.Build.0 = Release|Any CPU
	EndGlobalSection
	GlobalSection(SolutionProperties) = preSolution
		HideSolutionNode = FALSE
	EndGlobalSection
EndGlobal
